
Microsoft Visual Studio Solution File, Format Version 11.00
# Visual Studio 2010
Project("{FAE04EC0-301F-11D3-BF4B-00C04F79EFBC}") = "AegisBorn", "AegisBorn.csproj", "{8F04E739-D580-4A32-9917-C1FB69F7514F}"
EndProject
Project("{FAE04EC0-301F-11D3-BF4B-00C04F79EFBC}") = "AegisBornCommon", "..\AegisBornCommon\AegisBornCommon.csproj", "{6219BCA1-BD90-4C67-B02D-3F11E902892F}"
EndProject
Global
	GlobalSection(SolutionConfigurationPlatforms) = preSolution
		Debug|Any CPU = Debug|Any CPU
		Release|Any CPU = Release|Any CPU
	EndGlobalSection
	GlobalSection(ProjectConfigurationPlatforms) = postSolution
		{8F04E739-D580-4A32-9917-C1FB69F7514F}.Debug|Any CPU.ActiveCfg = Debug|Any CPU
		{8F04E739-D580-4A32-9917-C1FB69F7514F}.Debug|Any CPU.Build.0 = Debug|Any CPU
		{8F04E739-D580-4A32-9917-C1FB69F7514F}.Release|Any CPU.ActiveCfg = Release|Any CPU
		{8F04E739-D580-4A32-9917-C1FB69F7514F}.Release|Any CPU.Build.0 = Release|Any CPU
		{6219BCA1-BD90-4C67-B02D-3F11E902892F}.Debug|Any CPU.ActiveCfg = Debug|Any CPU
		{6219BCA1-BD90-4C67-B02D-3F11E902892F}.Debug|Any CPU.Build.0 = Debug|Any CPU
		{6219BCA1-BD90-4C67-B02D-3F11E902892F}.Release|Any CPU.ActiveCfg = Release|Any CPU
		{6219BCA1-BD90-4C67-B02D-3F11E902892F}.Release|Any CPU.Build.0 = Release|Any CPU
	EndGlobalSection
	GlobalSection(SolutionProperties) = preSolution
		HideSolutionNode = FALSE
	EndGlobalSection
EndGlobal
